
Microsoft Visual Studio Solution File, Format Version 12.00
# Visual Studio Version 16
VisualStudioVersion = 16.0.30517.126
MinimumVisualStudioVersion = 10.0.40219.1
Project("{FAE04EC0-301F-11D3-BF4B-00C04F79EFBC}") = "Version 1", "Version 1.csproj", "{1C600D03-F169-42DA-ABD2-5BBD40E8B55F}"
EndProject
Global
	GlobalSection(SolutionConfigurationPlatforms) = preSolution
		Debug|Any CPU = Debug|Any CPU
		Release|Any CPU = Release|Any CPU
	EndGlobalSection
	GlobalSection(ProjectConfigurationPlatforms) = postSolution
		{1C600D03-F169-42DA-ABD2-5BBD40E8B55F}.Debug|Any CPU.ActiveCfg = Debug|Any CPU
		{1C600D03-F169-42DA-ABD2-5BBD40E8B55F}.Debug|Any CPU.Build.0 = Debug|Any CPU
		{1C600D03-F169-42DA-ABD2-5BBD40E8B55F}.Release|Any CPU.ActiveCfg = Release|Any CPU
		{1C600D03-F169-42DA-ABD2-5BBD40E8B55F}.Release|Any CPU.Build.0 = Release|Any CPU
	EndGlobalSection
	GlobalSection(SolutionProperties) = preSolution
		HideSolutionNode = FALSE
	EndGlobalSection
	GlobalSection(ExtensibilityGlobals) = postSolution
		SolutionGuid = {C2837B42-631E-49AA-9569-5B57B0BC491F}
	EndGlobalSection
EndGlobal
